// !$*UTF8*$!
{
	archiveVersion = 1;
	classes = {
	};
	objectVersion = 46;
	objects = {

/* Begin PBXBuildFile section */
		93051F0D1AA318C30032729A /* main.m in Sources */ = {isa = PBXBuildFile; fileRef = 93051F0C1AA318C30032729A /* main.m */; };
		93051F101AA318C30032729A /* AppDelegate.m in Sources */ = {isa = PBXBuildFile; fileRef = 93051F0F1AA318C30032729A /* AppDelegate.m */; };
		93051F131AA318C30032729A /* demo.xcdatamodeld in Sources */ = {isa = PBXBuildFile; fileRef = 93051F111AA318C30032729A /* demo.xcdatamodeld */; };
		93051F161AA318C30032729A /* ViewController.m in Sources */ = {isa = PBXBuildFile; fileRef = 93051F151AA318C30032729A /* ViewController.m */; };
		93051F191AA318C30032729A /* Main.storyboard in Resources */ = {isa = PBXBuildFile; fileRef = 93051F171AA318C30032729A /* Main.storyboard */; };
		93051F1B1AA318C30032729A /* Images.xcassets in Resources */ = {isa = PBXBuildFile; fileRef = 93051F1A1AA318C30032729A /* Images.xcassets */; };
		93051F1E1AA318C30032729A /* LaunchScreen.xib in Resources */ = {isa = PBXBuildFile; fileRef = 93051F1C1AA318C30032729A /* LaunchScreen.xib */; };
		93051F2A1AA318C40032729A /* demoTests.m in Sources */ = {isa = PBXBuildFile; fileRef = 93051F291AA318C40032729A /* demoTests.m */; };
/* End PBXBuildFile section */

/* Begin PBXContainerItemProxy section */
		93051F241AA318C30032729A /* PBXContainerItemProxy */ = {
			isa = PBXContainerItemProxy;
			containerPortal = 93051EFF1AA318C30032729A /* Project object */;
			proxyType = 1;
			remoteGlobalIDString = 93051F061AA318C30032729A;
			remoteInfo = demo;
		};
/* End PBXContainerItemProxy section */

/* Begin PBXFileReference section */
		93051F071AA318C30032729A /* demo.app */ = {isa = PBXFileReference; explicitFileType = wrapper.application; includeInIndex = 0; path = demo.app; sourceTree = BUILT_PRODUCTS_DIR; };
		93051F0B1AA318C30032729A /* Info.plist */ = {isa = PBXFileReference; lastKnownFileType = text.plist.xml; path = Info.plist; sourceTree = "<group>"; };
		93051F0C1AA318C30032729A /* main.m */ = {isa = PBXFileReference; lastKnownFileType = sourcecode.c.objc; path = main.m; sourceTree = "<group>"; };
		93051F0E1AA318C30032729A /* AppDelegate.h */ = {isa = PBXFileReference; lastKnownFileType = sourcecode.c.h; path = AppDelegate.h; sourceTree = "<group>"; };
		93051F0F1AA318C30032729A /* AppDelegate.m */ = {isa = PBXFileReference; lastKnownFileType = sourcecode.c.objc; path = AppDelegate.m; sourceTree = "<group>"; };
		93051F121AA318C30032729A /* demo.xcdatamodel */ = {isa = PBXFileReference; lastKnownFileType = wrapper.xcdatamodel; path = demo.xcdatamodel; sourceTree = "<group>"; };
		93051F141AA318C30032729A /* ViewController.h */ = {isa = PBXFileReference; lastKnownFileType = sourcecode.c.h; path = ViewController.h; sourceTree = "<group>"; };
		93051F151AA318C30032729A /* ViewController.m */ = {isa = PBXFileReference; lastKnownFileType = sourcecode.c.objc; path = ViewController.m; sourceTree = "<group>"; };
		93051F181AA318C30032729A /* Base */ = {isa = PBXFileReference; lastKnownFileType = file.storyboard; name = Base; path = Base.lproj/Main.storyboard; sourceTree = "<group>"; };
		93051F1A1AA318C30032729A /* Images.xcassets */ = {isa = PBXFileReference; lastKnownFileType = folder.assetcatalog; path = Images.xcassets; sourceTree = "<group>"; };
		93051F1D1AA318C30032729A /* Base */ = {isa = PBXFileReference; lastKnownFileType = file.xib; name = Base; path = Base.lproj/LaunchScreen.xib; sourceTree = "<group>"; };
		93051F231AA318C30032729A /* demoTests.xctest */ = {isa = PBXFileReference; explicitFileType = wrapper.cfbundle; includeInIndex = 0; path = demoTests.xctest; sourceTree = BUILT_PRODUCTS_DIR; };
		93051F281AA318C40032729A /* Info.plist */ = {isa = PBXFileReference; lastKnownFileType = text.plist.xml; path = Info.plist; sourceTree = "<group>"; };
		93051F291AA318C40032729A /* demoTests.m */ = {isa = PBXFileReference; lastKnownFileType = sourcecode.c.objc; path = demoTests.m; sourceTree = "<group>"; };
/* End PBXFileReference section */

/* Begin PBXFrameworksBuildPhase section */
		93051F041AA318C30032729A /* Frameworks */ = {
			isa = PBXFrameworksBuildPhase;
			buildActionMask = 2147483647;
			files = (
			);
			runOnlyForDeploymentPostprocessing = 0;
		};
		93051F201AA318C30032729A /* Frameworks */ = {
			isa = PBXFrameworksBuildPhase;
			buildActionMask = 2147483647;
			files = (
			);
			runOnlyForDeploymentPostprocessing = 0;
		};
/* End PBXFrameworksBuildPhase section */

/* Begin PBXGroup section */
		93051EFE1AA318C30032729A = {
			isa = PBXGroup;
			children = (
				93051F091AA318C30032729A /* demo */,
				93051F261AA318C40032729A /* demoTests */,
				93051F081AA318C30032729A /* Products */,
			);
			sourceTree = "<group>";
		};
		93051F081AA318C30032729A /* Products */ = {
			isa = PBXGroup;
			children = (
				93051F071AA318C30032729A /* demo.app */,
				93051F231AA318C30032729A /* demoTests.xctest */,
			);
			name = Products;
			sourceTree = "<group>";
		};
		93051F091AA318C30032729A /* demo */ = {
			isa = PBXGroup;
			children = (
				93051F0E1AA318C30032729A /* AppDelegate.h */,
				93051F0F1AA318C30032729A /* AppDelegate.m */,
				93051F141AA318C30032729A /* ViewController.h */,
				93051F151AA318C30032729A /* ViewController.m */,
				93051F171AA318C30032729A /* Main.storyboard */,
				93051F1A1AA318C30032729A /* Images.xcassets */,
				93051F1C1AA318C30032729A /* LaunchScreen.xib */,
				93051F111AA318C30032729A /* demo.xcdatamodeld */,
				93051F0A1AA318C30032729A /* Supporting Files */,
			);
			path = demo;
			sourceTree = "<group>";
		};
		93051F0A1AA318C30032729A /* Supporting Files */ = {
			isa = PBXGroup;
			children = (
				93051F0B1AA318C30032729A /* Info.plist */,
				93051F0C1AA318C30032729A /* main.m */,
			);
			name = "Supporting Files";
			sourceTree = "<group>";
		};
		93051F261AA318C40032729A /* demoTests */ = {
			isa = PBXGroup;
			children = (
				93051F291AA318C40032729A /* demoTests.m */,
				93051F271AA318C40032729A /* Supporting Files */,
			);
			path = demoTests;
			sourceTree = "<group>";
		};
		93051F271AA318C40032729A /* Supporting Files */ = {
			isa = PBXGroup;
			children = (
				93051F281AA318C40032729A /* Info.plist */,
			);
			name = "Supporting Files";
			sourceTree = "<group>";
		};
/* End PBXGroup section */

/* Begin PBXNativeTarget section */
		93051F061AA318C30032729A /* demo */ = {
			isa = PBXNativeTarget;
			buildConfigurationList = 93051F2D1AA318C40032729A /* Build configuration list for PBXNativeTarget "demo" */;
			buildPhases = (
				93051F031AA318C30032729A /* Sources */,
				93051F041AA318C30032729A /* Frameworks */,
				93051F051AA318C30032729A /* Resources */,
			);
			buildRules = (
			);
			dependencies = (
			);
			name = demo;
			productName = demo;
			productReference = 93051F071AA318C30032729A /* demo.app */;
			productType = "com.apple.product-type.application";
		};
		93051F221AA318C30032729A /* demoTests */ = {
			isa = PBXNativeTarget;
			buildConfigurationList = 93051F301AA318C40032729A /* Build configuration list for PBXNativeTarget "demoTests" */;
			buildPhases = (
				93051F1F1AA318C30032729A /* Sources */,
				93051F201AA318C30032729A /* Frameworks */,
				93051F211AA318C30032729A /* Resources */,
			);
			buildRules = (
			);
			dependencies = (
				93051F251AA318C30032729A /* PBXTargetDependency */,
			);
			name = demoTests;
			productName = demoTests;
			productReference = 93051F231AA318C30032729A /* demoTests.xctest */;
			productType = "com.apple.product-type.bundle.unit-test";
		};
/* End PBXNativeTarget section */

/* Begin PBXProject section */
		93051EFF1AA318C30032729A /* Project object */ = {
			isa = PBXProject;
			attributes = {
				LastUpgradeCheck = 0610;
				ORGANIZATIONNAME = Udaan;
				TargetAttributes = {
					93051F061AA318C30032729A = {
						CreatedOnToolsVersion = 6.1.1;
					};
					93051F221AA318C30032729A = {
						CreatedOnToolsVersion = 6.1.1;
						TestTargetID = 93051F061AA318C30032729A;
					};
				};
			};
			buildConfigurationList = 93051F021AA318C30032729A /* Build configuration list for PBXProject "demo" */;
			compatibilityVersion = "Xcode 3.2";
			developmentRegion = English;
			hasScannedForEncodings = 0;
			knownRegions = (
				en,
				Base,
			);
			mainGroup = 93051EFE1AA318C30032729A;
			productRefGroup = 93051F081AA318C30032729A /* Products */;
			projectDirPath = "";
			projectRoot = "";
			targets = (
				93051F061AA318C30032729A /* demo */,
				93051F221AA318C30032729A /* demoTests */,
			);
		};
/* End PBXProject section */

/* Begin PBXResourcesBuildPhase section */
		93051F051AA318C30032729A /* Resources */ = {
			isa = PBXResourcesBuildPhase;
			buildActionMask = 2147483647;
			files = (
				93051F191AA318C30032729A /* Main.storyboard in Resources */,
				93051F1E1AA318C30032729A /* LaunchScreen.xib in Resources */,
				93051F1B1AA318C30032729A /* Images.xcassets in Resources */,
			);
			runOnlyForDeploymentPostprocessing = 0;
		};
		93051F211AA318C30032729A /* Resources */ = {
			isa = PBXResourcesBuildPhase;
			buildActionMask = 2147483647;
			files = (
			);
			runOnlyForDeploymentPostprocessing = 0;
		};
/* End PBXResourcesBuildPhase section */

/* Begin PBXSourcesBuildPhase section */
		93051F031AA318C30032729A /* Sources */ = {
			isa = PBXSourcesBuildPhase;
			buildActionMask = 2147483647;
			files = (
				93051F131AA318C30032729A /* demo.xcdatamodeld in Sources */,
				93051F101AA318C30032729A /* AppDelegate.m in Sources */,
				93051F161AA318C30032729A /* ViewController.m in Sources */,
				93051F0D1AA318C30032729A /* main.m in Sources */,
			);
			runOnlyForDeploymentPostprocessing = 0;
		};
		93051F1F1AA318C30032729A /* Sources */ = {
			isa = PBXSourcesBuildPhase;
			buildActionMask = 2147483647;
			files = (
				93051F2A1AA318C40032729A /* demoTests.m in Sources */,
			);
			runOnlyForDeploymentPostprocessing = 0;
		};
/* End PBXSourcesBuildPhase section */

/* Begin PBXTargetDependency section */
		93051F251AA318C30032729A /* PBXTargetDependency */ = {
			isa = PBXTargetDependency;
			target = 93051F061AA318C30032729A /* demo */;
			targetProxy = 93051F241AA318C30032729A /* PBXContainerItemProxy */;
		};
/* End PBXTargetDependency section */

/* Begin PBXVariantGroup section */
		93051F171AA318C30032729A /* Main.storyboard */ = {
			isa = PBXVariantGroup;
			children = (
				93051F181AA318C30032729A /* Base */,
			);
			name = Main.storyboard;
			sourceTree = "<group>";
		};
		93051F1C1AA318C30032729A /* LaunchScreen.xib */ = {
			isa = PBXVariantGroup;
			children = (
				93051F1D1AA318C30032729A /* Base */,
			);
			name = LaunchScreen.xib;
			sourceTree = "<group>";
		};
/* End PBXVariantGroup section */

/* Begin XCBuildConfiguration section */
		93051F2B1AA318C40032729A /* Debug */ = {
			isa = XCBuildConfiguration;
			buildSettings = {
				ALWAYS_SEARCH_USER_PATHS = NO;
				CLANG_CXX_LANGUAGE_STANDARD = "gnu++0x";
				CLANG_CXX_LIBRARY = "libc++";
				CLANG_ENABLE_MODULES = YES;
				CLANG_ENABLE_OBJC_ARC = YES;
				CLANG_WARN_BOOL_CONVERSION = YES;
				CLANG_WARN_CONSTANT_CONVERSION = YES;
				CLANG_WARN_DIRECT_OBJC_ISA_USAGE = YES_ERROR;
				CLANG_WARN_EMPTY_BODY = YES;
				CLANG_WARN_ENUM_CONVERSION = YES;
				CLANG_WARN_INT_CONVERSION = YES;
				CLANG_WARN_OBJC_ROOT_CLASS = YES_ERROR;
				CLANG_WARN_UNREACHABLE_CODE = YES;
				CLANG_WARN__DUPLICATE_METHOD_MATCH = YES;
				"CODE_SIGN_IDENTITY[sdk=iphoneos*]" = "iPhone Developer";
				COPY_PHASE_STRIP = NO;
				ENABLE_STRICT_OBJC_MSGSEND = YES;
				GCC_C_LANGUAGE_STANDARD = gnu99;
				GCC_DYNAMIC_NO_PIC = NO;
				GCC_OPTIMIZATION_LEVEL = 0;
				GCC_PREPROCESSOR_DEFINITIONS = (
					"DEBUG=1",
					"$(inherited)",
				);
				GCC_SYMBOLS_PRIVATE_EXTERN = NO;
				GCC_WARN_64_TO_32_BIT_CONVERSION = YES;
				GCC_WARN_ABOUT_RETURN_TYPE = YES_ERROR;
				GCC_WARN_UNDECLARED_SELECTOR = YES;
				GCC_WARN_UNINITIALIZED_AUTOS = YES_AGGRESSIVE;
				GCC_WARN_UNUSED_FUNCTION = YES;
				GCC_WARN_UNUSED_VARIABLE = YES;
				IPHONEOS_DEPLOYMENT_TARGET = 8.1;
				MTL_ENABLE_DEBUG_INFO = YES;
				ONLY_ACTIVE_ARCH = YES;
				SDKROOT = iphoneos;
			};
			name = Debug;
		};
		93051F2C1AA318C40032729A /* Release */ = {
			isa = XCBuildConfiguration;
			buildSettings = {
				ALWAYS_SEARCH_USER_PATHS = NO;
				CLANG_CXX_LANGUAGE_STANDARD = "gnu++0x";
				CLANG_CXX_LIBRARY = "libc++";
				CLANG_ENABLE_MODULES = YES;
				CLANG_ENABLE_OBJC_ARC = YES;
				CLANG_WARN_BOOL_CONVERSION = YES;
				CLANG_WARN_CONSTANT_CONVERSION = YES;
				CLANG_WARN_DIRECT_OBJC_ISA_USAGE = YES_ERROR;
				CLANG_WARN_EMPTY_BODY = YES;
				CLANG_WARN_ENUM_CONVERSION = YES;
				CLANG_WARN_INT_CONVERSION = YES;
				CLANG_WARN_OBJC_ROOT_CLASS = YES_ERROR;
				CLANG_WARN_UNREACHABLE_CODE = YES;
				CLANG_WARN__DUPLICATE_METHOD_MATCH = YES;
				"CODE_SIGN_IDENTITY[sdk=iphoneos*]" = "iPhone Developer";
				COPY_PHASE_STRIP = YES;
				ENABLE_NS_ASSERTIONS = NO;
				ENABLE_STRICT_OBJC_MSGSEND = YES;
				GCC_C_LANGUAGE_STANDARD = gnu99;
				GCC_WARN_64_TO_32_BIT_CONVERSION = YES;
				GCC_WARN_ABOUT_RETURN_TYPE = YES_ERROR;
				GCC_WARN_UNDECLARED_SELECTOR = YES;
				GCC_WARN_UNINITIALIZED_AUTOS = YES_AGGRESSIVE;
				GCC_WARN_UNUSED_FUNCTION = YES;
				GCC_WARN_UNUSED_VARIABLE = YES;
				IPHONEOS_DEPLOYMENT_TARGET = 8.1;
				MTL_ENABLE_DEBUG_INFO = NO;
				SDKROOT = iphoneos;
				VALIDATE_PRODUCT = YES;
			};
			name = Release;
		};
		93051F2E1AA318C40032729A /* Debug */ = {
			isa = XCBuildConfiguration;
			buildSettings = {
				ASSETCATALOG_COMPILER_APPICON_NAME = AppIcon;
				INFOPLIST_FILE = demo/Info.plist;
				LD_RUNPATH_SEARCH_PATHS = "$(inherited) @executable_path/Frameworks";
				PRODUCT_NAME = "$(TARGET_NAME)";
			};
			name = Debug;
		};
		93051F2F1AA318C40032729A /* Release */ = {
			isa = XCBuildConfiguration;
			buildSettings = {
				ASSETCATALOG_COMPILER_APPICON_NAME = AppIcon;
				INFOPLIST_FILE = demo/Info.plist;
				LD_RUNPATH_SEARCH_PATHS = "$(inherited) @executable_path/Frameworks";
				PRODUCT_NAME = "$(TARGET_NAME)";
			};
			name = Release;
		};
		93051F311AA318C40032729A /* Debug */ = {
			isa = XCBuildConfiguration;
			buildSettings = {
				BUNDLE_LOADER = "$(TEST_HOST)";
				FRAMEWORK_SEARCH_PATHS = (
					"$(SDKROOT)/Developer/Library/Frameworks",
					"$(inherited)",
				);
				GCC_PREPROCESSOR_DEFINITIONS = (
					"DEBUG=1",
					"$(inherited)",
				);
				INFOPLIST_FILE = demoTests/Info.plist;
				LD_RUNPATH_SEARCH_PATHS = "$(inherited) @executable_path/Frameworks @loader_path/Frameworks";
				PRODUCT_NAME = "$(TARGET_NAME)";
				TEST_HOST = "$(BUILT_PRODUCTS_DIR)/demo.app/demo";
			};
			name = Debug;
		};
		93051F321AA318C40032729A /* Release */ = {
			isa = XCBuildConfiguration;
			buildSettings = {
				BUNDLE_LOADER = "$(TEST_HOST)";
				FRAMEWORK_SEARCH_PATHS = (
					"$(SDKROOT)/Developer/Library/Frameworks",
					"$(inherited)",
				);
				INFOPLIST_FILE = demoTests/Info.plist;
				LD_RUNPATH_SEARCH_PATHS = "$(inherited) @executable_path/Frameworks @loader_path/Frameworks";
				PRODUCT_NAME = "$(TARGET_NAME)";
				TEST_HOST = "$(BUILT_PRODUCTS_DIR)/demo.app/demo";
			};
			name = Release;
		};
/* End XCBuildConfiguration section */

/* Begin XCConfigurationList section */
		93051F021AA318C30032729A /* Build configuration list for PBXProject "demo" */ = {
			isa = XCConfigurationList;
			buildConfigurations = (
				93051F2B1AA318C40032729A /* Debug */,
				93051F2C1AA318C40032729A /* Release */,
			);
			defaultConfigurationIsVisible = 0;
			defaultConfigurationName = Release;
		};
		93051F2D1AA318C40032729A /* Build configuration list for PBXNativeTarget "demo" */ = {
			isa = XCConfigurationList;
			buildConfigurations = (
				93051F2E1AA318C40032729A /* Debug */,
				93051F2F1AA318C40032729A /* Release */,
			);
			defaultConfigurationIsVisible = 0;
		};
		93051F301AA318C40032729A /* Build configuration list for PBXNativeTarget "demoTests" */ = {
			isa = XCConfigurationList;
			buildConfigurations = (
				93051F311AA318C40032729A /* Debug */,
				93051F321AA318C40032729A /* Release */,
			);
			defaultConfigurationIsVisible = 0;
		};
/* End XCConfigurationList section */

/* Begin XCVersionGroup section */
		93051F111AA318C30032729A /* demo.xcdatamodeld */ = {
			isa = XCVersionGroup;
			children = (
				93051F121AA318C30032729A /* demo.xcdatamodel */,
			);
			currentVersion = 93051F121AA318C30032729A /* demo.xcdatamodel */;
			path = demo.xcdatamodeld;
			sourceTree = "<group>";
			versionGroupType = wrapper.xcdatamodel;
		};
/* End XCVersionGroup section */
	};
	rootObject = 93051EFF1AA318C30032729A /* Project object */;
}
